<?xml version="1.0" encoding="utf-8"?>
<Project ToolsVersion="4.0" xmlns="http://schemas.microsoft.com/developer/msbuild/2003">
  <ItemGroup>
    <Filter Include="Patch">
      <UniqueIdentifier>{b0027a3e-defe-4ded-810a-fc9c77670553}</UniqueIdentifier>
    </Filter>
    <Filter Include="Patch\Utility">
      <UniqueIdentifier>{8244de4c-8141-4cd3-9c20-ec7966d2f67c}</UniqueIdentifier>
    </Filter>
    <Filter Include="Patch\Input">
      <UniqueIdentifier>{bcae31b0-2039-4073-b823-f3237a88471c}</UniqueIdentifier>
    </Filter>
    <Filter Include="Patch\Input\InputHelper">
      <UniqueIdentifier>{68733568-27c1-4656-bffa-54c3b7f1d394}</UniqueIdentifier>
    </Filter>
    <Filter Include="Patch\Utility\ex_weak_ptr">
      <UniqueIdentifier>{50352052-6b69-44c9-9e95-ef7832b825a4}</UniqueIdentifier>
    </Filter>
    <Filter Include="Patch\Utility\DelegateSystem">
      <UniqueIdentifier>{2fd3f44a-0ff7-460a-b44f-c2877cd4d35f}</UniqueIdentifier>
    </Filter>
    <Filter Include="Patch\Utility\ActionTimer">
      <UniqueIdentifier>{be2f806d-f1ab-4397-82b1-2987c9b65141}</UniqueIdentifier>
    </Filter>
    <Filter Include="Patch\Utility\Trigger">
      <UniqueIdentifier>{8d3b2210-cfc3-440e-a929-405ed0f38c3c}</UniqueIdentifier>
    </Filter>
    <Filter Include="Patch\basecross">
      <UniqueIdentifier>{d6c53e26-daab-4da8-b96f-52b1ed198b8b}</UniqueIdentifier>
    </Filter>
    <Filter Include="Patch\basecross\AnimationHelper">
      <UniqueIdentifier>{7923b4d6-4a8a-4954-bbfc-93b122558c16}</UniqueIdentifier>
    </Filter>
    <Filter Include="Patch\basecross\BezierTransitioner">
      <UniqueIdentifier>{fb480703-4dd0-487d-88d5-6ced75c7906d}</UniqueIdentifier>
    </Filter>
    <Filter Include="Patch\basecross\CameraHelper">
      <UniqueIdentifier>{1bd2ee1d-9faa-4d49-837d-76e82eb11878}</UniqueIdentifier>
    </Filter>
    <Filter Include="Patch\basecross\FontHelper">
      <UniqueIdentifier>{35f39a76-6698-403f-90f8-ce366ee7ed98}</UniqueIdentifier>
    </Filter>
    <Filter Include="Patch\basecross\MessageWindow">
      <UniqueIdentifier>{dae23ebd-4d55-4c91-b615-6dafa90ceba6}</UniqueIdentifier>
    </Filter>
    <Filter Include="Patch\basecross\SaveHelper">
      <UniqueIdentifier>{e82e95a2-a477-4cb6-a80d-d62df252fc0f}</UniqueIdentifier>
    </Filter>
    <Filter Include="Patch\basecross\SoundHelper">
      <UniqueIdentifier>{2c7876d4-e955-4288-8a14-28257d102895}</UniqueIdentifier>
    </Filter>
    <Filter Include="Patch\basecross\UIHelper">
      <UniqueIdentifier>{414848dd-3aa1-479a-9db5-e4e34f4b2443}</UniqueIdentifier>
    </Filter>
    <Filter Include="Patch\Mathf">
      <UniqueIdentifier>{04f3001a-b630-4166-891e-0f560792e945}</UniqueIdentifier>
    </Filter>
    <Filter Include="Patch\Mathf\Bezier">
      <UniqueIdentifier>{457f1f55-3bc5-4a35-b31e-89d6e7843cfb}</UniqueIdentifier>
    </Filter>
    <Filter Include="Patch\Utility\StructIOFileStream">
      <UniqueIdentifier>{bc26d34f-2618-4356-8fc1-54e8ae2c1bd6}</UniqueIdentifier>
    </Filter>
    <Filter Include="Patch\Input\BasecrossInputer">
      <UniqueIdentifier>{bcbef52e-5d1b-4d25-90da-f51d0c0652ea}</UniqueIdentifier>
    </Filter>
    <Filter Include="Patch\Mathf\MyMath">
      <UniqueIdentifier>{57eb493a-7623-4743-b97d-b765b47d1ba7}</UniqueIdentifier>
    </Filter>
    <Filter Include="Patch\Mathf\Random">
      <UniqueIdentifier>{a63df658-67fc-41f2-8f4b-50d9a7fe4f10}</UniqueIdentifier>
    </Filter>
    <Filter Include="Patch\basecross\GameSaveManager">
      <UniqueIdentifier>{d34019a3-a566-44e1-8caa-d95e89ca4d44}</UniqueIdentifier>
    </Filter>
    <Filter Include="BaseCrossSample">
      <UniqueIdentifier>{085d03e9-9787-448b-a8ff-17df3b7b81d6}</UniqueIdentifier>
    </Filter>
    <Filter Include="Maruyama">
      <UniqueIdentifier>{b6f91ac3-862b-49dd-b0dd-a89566f57a49}</UniqueIdentifier>
    </Filter>
    <Filter Include="BaseCrossSample\Headers">
      <UniqueIdentifier>{4b0a624a-610d-4bc6-b311-2b02a781cdf9}</UniqueIdentifier>
    </Filter>
    <Filter Include="BaseCrossSample\Sources">
      <UniqueIdentifier>{96692d2a-8790-41a9-bfac-6c5662d4ad61}</UniqueIdentifier>
    </Filter>
    <Filter Include="Maruyama\Utility">
      <UniqueIdentifier>{a18fdbd5-85a3-4d3a-951c-7849c5be1c50}</UniqueIdentifier>
    </Filter>
    <Filter Include="Maruyama\Enemy">
      <UniqueIdentifier>{dce4b803-c63d-46a4-bac2-6a6bd0115b77}</UniqueIdentifier>
    </Filter>
    <Filter Include="Maruyama\Utility\MaruAction">
      <UniqueIdentifier>{bba99da0-d728-4e79-87e6-a16e5769a4a2}</UniqueIdentifier>
    </Filter>
    <Filter Include="Maruyama\Utility\MaruHitHelper">
      <UniqueIdentifier>{6d0f921c-969c-46e3-9d74-7e83688ad4e6}</UniqueIdentifier>
    </Filter>
    <Filter Include="Maruyama\Utility\MaruRandom">
      <UniqueIdentifier>{10458f80-2c01-4c1f-a179-0a60b82380fd}</UniqueIdentifier>
    </Filter>
    <Filter Include="Maruyama\Utility\Mathf">
      <UniqueIdentifier>{42207c9a-7d89-42ec-bacd-3682cbd76216}</UniqueIdentifier>
    </Filter>
    <Filter Include="Maruyama\Utility\ObserveIsInEyeTarget">
      <UniqueIdentifier>{c33f8ca8-1fa9-4fc5-aaec-92ff89c56cb4}</UniqueIdentifier>
    </Filter>
    <Filter Include="Maruyama\Utility\ReactivePropety">
      <UniqueIdentifier>{d4be792d-cd21-4d38-8b06-6179383d1e89}</UniqueIdentifier>
    </Filter>
    <Filter Include="Maruyama\Utility\ReactiveBool">
      <UniqueIdentifier>{2316439a-ca8b-4e54-81be-93c3c1495204}</UniqueIdentifier>
    </Filter>
    <Filter Include="Maruyama\Utility\UtilityObstacle">
      <UniqueIdentifier>{8da5ee04-81e3-45da-89e2-ad5d4d585460}</UniqueIdentifier>
    </Filter>
    <Filter Include="Maruyama\Utility\UtilityVelocity">
      <UniqueIdentifier>{e31cb701-02ed-4d31-88bd-210601a30def}</UniqueIdentifier>
    </Filter>
    <Filter Include="Maruyama\DebugClass">
      <UniqueIdentifier>{498c73b6-c4d5-4aba-82c2-faa7e04bd8c7}</UniqueIdentifier>
    </Filter>
    <Filter Include="Maruyama\DebugClass\Object">
      <UniqueIdentifier>{0758646d-1f5c-4ec3-b8db-96d864c2a2b1}</UniqueIdentifier>
    </Filter>
    <Filter Include="Maruyama\DebugClass\Object\ArrowObject">
      <UniqueIdentifier>{b2d95d28-c511-4bff-8c4e-532e559bd03b}</UniqueIdentifier>
    </Filter>
    <Filter Include="Maruyama\DebugClass\Object\DebugObject">
      <UniqueIdentifier>{32b67877-756b-4d5c-8068-78b7116331fa}</UniqueIdentifier>
    </Filter>
    <Filter Include="Maruyama\DebugClass\Component">
      <UniqueIdentifier>{ea11e607-3f13-439e-b6b9-86e56443fce1}</UniqueIdentifier>
    </Filter>
    <Filter Include="Maruyama\UI">
      <UniqueIdentifier>{f374eec8-363e-4151-8925-dbe00688fb05}</UniqueIdentifier>
    </Filter>
    <Filter Include="Maruyama\Patch">
      <UniqueIdentifier>{2a89d7cc-f579-4123-810a-2bf61df432e9}</UniqueIdentifier>
    </Filter>
    <Filter Include="Maruyama\Patch\CommonStruct">
      <UniqueIdentifier>{3dbf5a46-d825-4d6a-ba26-79adcd57a75d}</UniqueIdentifier>
    </Filter>
    <Filter Include="Maruyama\DebugClass\Component\DebugNumber">
      <UniqueIdentifier>{a75ae199-11d5-43cd-b208-2a3b2d4d4da2}</UniqueIdentifier>
    </Filter>
    <Filter Include="Maruyama\DebugClass\Component\RectDraw">
      <UniqueIdentifier>{8eb46898-c97e-42ad-9e41-f61ed1fde81f}</UniqueIdentifier>
    </Filter>
    <Filter Include="Watanabe">
      <UniqueIdentifier>{58e40f65-2d7f-4acf-b801-168b52f223cc}</UniqueIdentifier>
    </Filter>
    <Filter Include="Watanabe\DebugClass">
      <UniqueIdentifier>{0ee68ad6-c48d-4c93-bf73-1df7b25922a3}</UniqueIdentifier>
    </Filter>
    <Filter Include="Watanabe\Utility">
      <UniqueIdentifier>{de9ae842-e120-43ba-9bfc-adf98bb2eb26}</UniqueIdentifier>
    </Filter>
    <Filter Include="Maruyama\Enemy\Component">
      <UniqueIdentifier>{6a9b9c85-be1e-4f92-b905-ebc48d6043b4}</UniqueIdentifier>
    </Filter>
    <Filter Include="Maruyama\StateMachine">
      <UniqueIdentifier>{831d4be7-61cc-4734-bbc3-6620b29a188c}</UniqueIdentifier>
    </Filter>
    <Filter Include="Maruyama\StateMachine\StateMachineEdge">
      <UniqueIdentifier>{7f951461-b160-4010-8b14-6c96f780760d}</UniqueIdentifier>
    </Filter>
    <Filter Include="Maruyama\StateMachine\EdgeBase">
      <UniqueIdentifier>{66a27ed4-2efb-4185-9803-381b3775af6c}</UniqueIdentifier>
    </Filter>
    <Filter Include="Maruyama\StateMachine\GraphBase_Ex">
      <UniqueIdentifier>{51561572-79a6-46ea-bd4f-95d983e2d13b}</UniqueIdentifier>
    </Filter>
    <Filter Include="Maruyama\StateMachine\StateMachineNode">
      <UniqueIdentifier>{b2c2d9ba-1faf-4557-b04e-89e6a6696d2f}</UniqueIdentifier>
    </Filter>
    <Filter Include="Maruyama\StateMachine\NodeBase">
      <UniqueIdentifier>{efaaebeb-33c9-4592-8a78-ecc1fcc78bbc}</UniqueIdentifier>
    </Filter>
    <Filter Include="Maruyama\BehaviorTree">
      <UniqueIdentifier>{00a7fe25-777b-4364-bca5-57ebb52a8f49}</UniqueIdentifier>
    </Filter>
    <Filter Include="Maruyama\BehaviorTree\Interface">
      <UniqueIdentifier>{04dd8e71-c6af-41c5-ad32-4cb58393a357}</UniqueIdentifier>
    </Filter>
    <Filter Include="Maruyama\BehaviorTree\SubBehavior">
      <UniqueIdentifier>{a8ec8501-3522-4f54-a035-7e3f8f312988}</UniqueIdentifier>
    </Filter>
    <Filter Include="Maruyama\Enemy\Component\Behavior">
      <UniqueIdentifier>{01174bd6-3676-4997-93f5-116c8dfc8e4f}</UniqueIdentifier>
    </Filter>
    <Filter Include="Maruyama\Enemy\Component\Common">
      <UniqueIdentifier>{b54c28a9-18e3-4271-8048-5c75057dfd93}</UniqueIdentifier>
    </Filter>
    <Filter Include="Maruyama\Enemy\Component\Common\Eye">
      <UniqueIdentifier>{7edad5bd-c5c1-4aca-9d03-c95cfb51c07f}</UniqueIdentifier>
    </Filter>
    <Filter Include="Maruyama\StateMachine\StatorBase">
      <UniqueIdentifier>{3f2a0b03-b6cf-4e32-985c-3d6b3cd83a44}</UniqueIdentifier>
    </Filter>
    <Filter Include="Maruyama\InfluenceMap">
      <UniqueIdentifier>{dbb8104f-fe56-4667-b423-2ac2849ee380}</UniqueIdentifier>
    </Filter>
    <Filter Include="Maruyama\InfluenceMap\DebugClass">
      <UniqueIdentifier>{3357c265-c4c8-4493-8d68-e9cffccd597d}</UniqueIdentifier>
    </Filter>
    <Filter Include="Maruyama\InfluenceMap\Cell">
      <UniqueIdentifier>{922ddcc4-b411-46f0-a1fe-8c54c799a5c2}</UniqueIdentifier>
    </Filter>
    <Filter Include="Maruyama\InfluenceMap\Cell\CellMap">
      <UniqueIdentifier>{68384701-4fc9-495d-aaac-572821eb5d1f}</UniqueIdentifier>
    </Filter>
    <Filter Include="Maruyama\InfluenceMap\Cell\Factory">
      <UniqueIdentifier>{e5a3924a-8a98-45bd-a649-aa6397eaeca1}</UniqueIdentifier>
    </Filter>
    <Filter Include="Maruyama\InfluenceMap\Cell\FieldCellMap">
      <UniqueIdentifier>{4c315eaf-8444-4944-b771-5c443c4f5a83}</UniqueIdentifier>
    </Filter>
    <Filter Include="Maruyama\InfluenceMap\WayPointMap">
      <UniqueIdentifier>{7fddd944-2a74-4817-a8f8-9e9e07d9344b}</UniqueIdentifier>
    </Filter>
    <Filter Include="Maruyama\InfluenceMap\Astar">
      <UniqueIdentifier>{732a2a5d-5db0-4ad5-b87f-15e5f9e7daf9}</UniqueIdentifier>
    </Filter>
    <Filter Include="Maruyama\InfluenceMap\Astar\AstarNode">
      <UniqueIdentifier>{d002d692-38ce-4ecc-8dfb-80dbb81f1da8}</UniqueIdentifier>
    </Filter>
    <Filter Include="Maruyama\InfluenceMap\Astar\AstarEdge">
      <UniqueIdentifier>{8a15f278-260a-4a20-8901-a36316216bfa}</UniqueIdentifier>
    </Filter>
    <Filter Include="Maruyama\Patch\Graph">
      <UniqueIdentifier>{5583b857-f6bb-47bd-8ee4-8a2338149cc3}</UniqueIdentifier>
    </Filter>
    <Filter Include="Maruyama\Enemy\TupleSpace">
      <UniqueIdentifier>{0cf9a032-7f63-4833-96d3-a384021cdf1e}</UniqueIdentifier>
    </Filter>
    <Filter Include="Maruyama\Camera">
      <UniqueIdentifier>{e6ccadb6-4abc-41df-91a6-8e18c6d7e443}</UniqueIdentifier>
    </Filter>
    <Filter Include="Maruyama\Camera\SeekTPS">
      <UniqueIdentifier>{785993d4-efa3-4221-bb20-1695fa934b86}</UniqueIdentifier>
    </Filter>
    <Filter Include="Maruyama\Enemy\Component\StateMachine">
      <UniqueIdentifier>{691af2e9-904b-4b51-a16f-3cdf5be23d6a}</UniqueIdentifier>
    </Filter>
  </ItemGroup>
  <ItemGroup>
    <ClInclude Include="$(MSBuildThisFileDirectory)Character.h">
      <Filter>BaseCrossSample\Headers</Filter>
    </ClInclude>
    <ClInclude Include="$(MSBuildThisFileDirectory)GameStage.h">
      <Filter>BaseCrossSample\Headers</Filter>
    </ClInclude>
    <ClInclude Include="$(MSBuildThisFileDirectory)Player.h">
      <Filter>BaseCrossSample\Headers</Filter>
    </ClInclude>
    <ClInclude Include="$(MSBuildThisFileDirectory)Project.h">
      <Filter>BaseCrossSample\Headers</Filter>
    </ClInclude>
    <ClInclude Include="$(MSBuildThisFileDirectory)ProjectShader.h">
      <Filter>BaseCrossSample\Headers</Filter>
    </ClInclude>
    <ClInclude Include="$(MSBuildThisFileDirectory)Scene.h">
      <Filter>BaseCrossSample\Headers</Filter>
    </ClInclude>
    <ClInclude Include="$(MSBuildThisFileDirectory)ProjectBehavior.h">
      <Filter>BaseCrossSample\Headers</Filter>
    </ClInclude>
    <ClInclude Include="$(MSBuildThisFileDirectory)InputHelper.h">
      <Filter>Patch\Input\InputHelper</Filter>
    </ClInclude>
    <ClInclude Include="$(MSBuildThisFileDirectory)ex_weak_ptr.h">
      <Filter>Patch\Utility\ex_weak_ptr</Filter>
    </ClInclude>
    <ClInclude Include="$(MSBuildThisFileDirectory)DelegateSystem.h">
      <Filter>Patch\Utility\DelegateSystem</Filter>
    </ClInclude>
    <ClInclude Include="$(MSBuildThisFileDirectory)ActionTimer.h">
      <Filter>Patch\Utility\ActionTimer</Filter>
    </ClInclude>
    <ClInclude Include="$(MSBuildThisFileDirectory)AnimationHelper.h">
      <Filter>Patch\basecross\AnimationHelper</Filter>
    </ClInclude>
    <ClInclude Include="$(MSBuildThisFileDirectory)BezierTransitioner.h">
      <Filter>Patch\basecross\BezierTransitioner</Filter>
    </ClInclude>
    <ClInclude Include="$(MSBuildThisFileDirectory)CameraHelper.h">
      <Filter>Patch\basecross\CameraHelper</Filter>
    </ClInclude>
    <ClInclude Include="$(MSBuildThisFileDirectory)FontHelper.h">
      <Filter>Patch\basecross\FontHelper</Filter>
    </ClInclude>
    <ClInclude Include="$(MSBuildThisFileDirectory)MessageWindow.h">
      <Filter>Patch\basecross\MessageWindow</Filter>
    </ClInclude>
    <ClInclude Include="$(MSBuildThisFileDirectory)UIHelper.h">
      <Filter>Patch\basecross\UIHelper</Filter>
    </ClInclude>
    <ClInclude Include="$(MSBuildThisFileDirectory)SoundHelper.h">
      <Filter>Patch\basecross\SoundHelper</Filter>
    </ClInclude>
    <ClInclude Include="$(MSBuildThisFileDirectory)SaveHelper.h">
      <Filter>Patch\basecross\SaveHelper</Filter>
    </ClInclude>
    <ClInclude Include="$(MSBuildThisFileDirectory)Bezier.h">
      <Filter>Patch\Mathf\Bezier</Filter>
    </ClInclude>
    <ClInclude Include="$(MSBuildThisFileDirectory)Trigger.h">
      <Filter>Patch\Utility\Trigger</Filter>
    </ClInclude>
    <ClInclude Include="$(MSBuildThisFileDirectory)BasecrossInputer.h">
      <Filter>Patch\Input\BasecrossInputer</Filter>
    </ClInclude>
    <ClInclude Include="$(MSBuildThisFileDirectory)WindowSetting.h">
      <Filter>Patch</Filter>
    </ClInclude>
    <ClInclude Include="$(MSBuildThisFileDirectory)StructIOFileStream.h">
      <Filter>Patch\Utility\StructIOFileStream</Filter>
    </ClInclude>
    <ClInclude Include="$(MSBuildThisFileDirectory)MathHelper.h">
      <Filter>Patch\Mathf\MyMath</Filter>
    </ClInclude>
    <ClInclude Include="$(MSBuildThisFileDirectory)Random.h">
      <Filter>Patch\Mathf\Random</Filter>
    </ClInclude>
    <ClInclude Include="$(MSBuildThisFileDirectory)GameSaveManager.h">
      <Filter>Patch\basecross\GameSaveManager</Filter>
    </ClInclude>
    <ClInclude Include="$(MSBuildThisFileDirectory)Maruyama\Utility\Delegate.h">
      <Filter>Maruyama\Utility</Filter>
    </ClInclude>
    <ClInclude Include="$(MSBuildThisFileDirectory)Maruyama\Utility\Utility.h">
      <Filter>Maruyama\Utility</Filter>
    </ClInclude>
    <ClInclude Include="$(MSBuildThisFileDirectory)Maruyama\Utility\MaruAction.h">
      <Filter>Maruyama\Utility\MaruAction</Filter>
    </ClInclude>
    <ClInclude Include="$(MSBuildThisFileDirectory)Maruyama\Utility\MaruHitHelper.h">
      <Filter>Maruyama\Utility\MaruHitHelper</Filter>
    </ClInclude>
    <ClInclude Include="$(MSBuildThisFileDirectory)Maruyama\Utility\Random.h">
      <Filter>Maruyama\Utility\MaruRandom</Filter>
    </ClInclude>
    <ClInclude Include="$(MSBuildThisFileDirectory)Maruyama\Utility\Mathf.h">
      <Filter>Maruyama\Utility\Mathf</Filter>
    </ClInclude>
    <ClInclude Include="$(MSBuildThisFileDirectory)Maruyama\Utility\ObserveIsInEyeTarget.h">
      <Filter>Maruyama\Utility\ObserveIsInEyeTarget</Filter>
    </ClInclude>
    <ClInclude Include="$(MSBuildThisFileDirectory)Maruyama\Utility\ReactiveProperty.h">
      <Filter>Maruyama\Utility\ReactivePropety</Filter>
    </ClInclude>
    <ClInclude Include="$(MSBuildThisFileDirectory)Maruyama\Utility\ReactiveBool.h">
      <Filter>Maruyama\Utility\ReactiveBool</Filter>
    </ClInclude>
    <ClInclude Include="$(MSBuildThisFileDirectory)Maruyama\Utility\UtilityObstacle.h">
      <Filter>Maruyama\Utility\UtilityObstacle</Filter>
    </ClInclude>
    <ClInclude Include="$(MSBuildThisFileDirectory)Maruyama\Utility\UtilityVelocity.h">
      <Filter>Maruyama\Utility\UtilityVelocity</Filter>
    </ClInclude>
    <ClInclude Include="$(MSBuildThisFileDirectory)Maruyama\DebugClass\Debug_DrawController.h">
      <Filter>Maruyama\DebugClass</Filter>
    </ClInclude>
    <ClInclude Include="$(MSBuildThisFileDirectory)Maruyama\DebugClass\Object\ArrowObject.h">
      <Filter>Maruyama\DebugClass\Object\ArrowObject</Filter>
    </ClInclude>
    <ClInclude Include="$(MSBuildThisFileDirectory)Maruyama\DebugClass\Object\DebugObject.h">
      <Filter>Maruyama\DebugClass\Object\DebugObject</Filter>
    </ClInclude>
    <ClInclude Include="$(MSBuildThisFileDirectory)Maruyama\UI\BuilderVertexPCT.h">
      <Filter>Maruyama\UI</Filter>
    </ClInclude>
    <ClInclude Include="$(MSBuildThisFileDirectory)Maruyama\Patch\CommonStructs\RectData.h">
      <Filter>Maruyama\Patch\CommonStruct</Filter>
    </ClInclude>
    <ClInclude Include="$(MSBuildThisFileDirectory)Maruyama\DebugClass\Component\DebugNumber.h">
      <Filter>Maruyama\DebugClass\Component\DebugNumber</Filter>
    </ClInclude>
    <ClInclude Include="$(MSBuildThisFileDirectory)Maruyama\DebugClass\Component\RectDraw.h">
      <Filter>Maruyama\DebugClass\Component\RectDraw</Filter>
    </ClInclude>
    <ClInclude Include="$(MSBuildThisFileDirectory)Watanabe\DebugClass\Debug.h">
      <Filter>Watanabe\DebugClass</Filter>
    </ClInclude>
    <ClInclude Include="$(MSBuildThisFileDirectory)Watanabe\Utility\BaseSingleton.h">
      <Filter>Watanabe\Utility</Filter>
    </ClInclude>
    <ClInclude Include="$(MSBuildThisFileDirectory)Maruyama\Enemy\Component\EyeSearchRange.h">
      <Filter>Maruyama\Enemy\Component\Common\Eye</Filter>
    </ClInclude>
    <ClInclude Include="$(MSBuildThisFileDirectory)Maruyama\StateMachine\StateMachine.h">
      <Filter>Maruyama\StateMachine</Filter>
    </ClInclude>
    <ClInclude Include="$(MSBuildThisFileDirectory)Maruyama\StateMachine\Edge_StateMachine.h">
      <Filter>Maruyama\StateMachine\StateMachineEdge</Filter>
    </ClInclude>
    <ClInclude Include="$(MSBuildThisFileDirectory)Maruyama\StateMachine\EdgeBase.h">
      <Filter>Maruyama\StateMachine\EdgeBase</Filter>
    </ClInclude>
    <ClInclude Include="$(MSBuildThisFileDirectory)Maruyama\StateMachine\GraphBase_Ex.h">
      <Filter>Maruyama\StateMachine\GraphBase_Ex</Filter>
    </ClInclude>
    <ClInclude Include="$(MSBuildThisFileDirectory)Maruyama\StateMachine\Node_StateMachine.h">
      <Filter>Maruyama\StateMachine\StateMachineNode</Filter>
    </ClInclude>
    <ClInclude Include="$(MSBuildThisFileDirectory)Maruyama\StateMachine\NodeBase.h">
      <Filter>Maruyama\StateMachine\NodeBase</Filter>
    </ClInclude>
    <ClInclude Include="$(MSBuildThisFileDirectory)Maruyama\Enemy\Behavior\BehaviorTree.h">
      <Filter>Maruyama\BehaviorTree</Filter>
    </ClInclude>
    <ClInclude Include="$(MSBuildThisFileDirectory)Maruyama\Enemy\Behavior\Interface\I_Decorator.h">
      <Filter>Maruyama\BehaviorTree\Interface</Filter>
    </ClInclude>
    <ClInclude Include="$(MSBuildThisFileDirectory)Maruyama\Enemy\Behavior\Interface\I_Edge.h">
      <Filter>Maruyama\BehaviorTree\Interface</Filter>
    </ClInclude>
    <ClInclude Include="$(MSBuildThisFileDirectory)Maruyama\Enemy\Behavior\Interface\I_Node.h">
      <Filter>Maruyama\BehaviorTree\Interface</Filter>
    </ClInclude>
    <ClInclude Include="$(MSBuildThisFileDirectory)Maruyama\Enemy\Behavior\Interface\I_PriorityController.h">
      <Filter>Maruyama\BehaviorTree\Interface</Filter>
    </ClInclude>
    <ClInclude Include="$(MSBuildThisFileDirectory)Maruyama\Enemy\Behavior\Interface\I_Selecter.h">
      <Filter>Maruyama\BehaviorTree\Interface</Filter>
    </ClInclude>
    <ClInclude Include="$(MSBuildThisFileDirectory)Maruyama\Enemy\Behavior\Interface\I_Task.h">
      <Filter>Maruyama\BehaviorTree\Interface</Filter>
    </ClInclude>
    <ClInclude Include="$(MSBuildThisFileDirectory)Maruyama\Enemy\Behavior\SubBehaviorTree\SubBehaviorTreeBase.h">
      <Filter>Maruyama\BehaviorTree\SubBehavior</Filter>
    </ClInclude>
    <ClInclude Include="$(MSBuildThisFileDirectory)Maruyama\Enemy\Component\BehaviorTree\BehaviorTreeComponentBase.h">
      <Filter>Maruyama\Enemy\Component\Behavior</Filter>
    </ClInclude>
    <ClInclude Include="$(MSBuildThisFileDirectory)Maruyama\StateMachine\StatorBase.h">
      <Filter>Maruyama\StateMachine\StatorBase</Filter>
    </ClInclude>
    <ClInclude Include="$(MSBuildThisFileDirectory)Maruyama\Enemy\ImpactMap\DebugClass\DebugCell.h">
      <Filter>Maruyama\InfluenceMap\DebugClass</Filter>
    </ClInclude>
    <ClInclude Include="$(MSBuildThisFileDirectory)Maruyama\Enemy\ImpactMap\Cell.h">
      <Filter>Maruyama\InfluenceMap\Cell</Filter>
    </ClInclude>
    <ClInclude Include="$(MSBuildThisFileDirectory)Maruyama\Enemy\ImpactMap\CellMap.h">
      <Filter>Maruyama\InfluenceMap\Cell\CellMap</Filter>
    </ClInclude>
    <ClInclude Include="$(MSBuildThisFileDirectory)Maruyama\Enemy\ImpactMap\Factory_CellMap.h">
      <Filter>Maruyama\InfluenceMap\Cell\Factory</Filter>
    </ClInclude>
    <ClInclude Include="$(MSBuildThisFileDirectory)Maruyama\Enemy\ImpactMap\Factory_WayPointMap_FloodFill.h">
      <Filter>Maruyama\InfluenceMap\WayPointMap</Filter>
    </ClInclude>
    <ClInclude Include="$(MSBuildThisFileDirectory)Maruyama\Enemy\ImpactMap\FieldCellMap.h">
      <Filter>Maruyama\InfluenceMap\Cell\FieldCellMap</Filter>
    </ClInclude>
    <ClInclude Include="$(MSBuildThisFileDirectory)Maruyama\Enemy\Astar\AstarNode.h">
      <Filter>Maruyama\InfluenceMap\Astar\AstarNode</Filter>
    </ClInclude>
    <ClInclude Include="$(MSBuildThisFileDirectory)Maruyama\Enemy\Astar\AstarEdge_Ex.h">
      <Filter>Maruyama\InfluenceMap\Astar\AstarEdge</Filter>
    </ClInclude>
    <ClInclude Include="$(MSBuildThisFileDirectory)Maruyama\Patch\Graphs\SparseGraph_Ex.h">
      <Filter>Maruyama\Patch\Graph</Filter>
    </ClInclude>
    <ClInclude Include="$(MSBuildThisFileDirectory)Maruyama\Enemy\AIDirector\TupleSpace.h">
      <Filter>Maruyama\Enemy\TupleSpace</Filter>
    </ClInclude>
    <ClInclude Include="$(MSBuildThisFileDirectory)Maruyama\Camera\SeekTPS.h">
      <Filter>Maruyama\Camera\SeekTPS</Filter>
    </ClInclude>
    <ClInclude Include="$(MSBuildThisFileDirectory)Maruyama\Enemy\Component\Stator\AIStateMachine.h">
      <Filter>Maruyama\Enemy\Component\StateMachine</Filter>
    </ClInclude>
    <ClInclude Include="$(MSBuildThisFileDirectory)Maruyama\Enemy\EnemyBase.h">
      <Filter>Maruyama\Enemy</Filter>
    </ClInclude>
  </ItemGroup>
  <ItemGroup>
    <ClCompile Include="$(MSBuildThisFileDirectory)Character.cpp">
      <Filter>BaseCrossSample\Sources</Filter>
    </ClCompile>
    <ClCompile Include="$(MSBuildThisFileDirectory)GameStage.cpp">
      <Filter>BaseCrossSample\Sources</Filter>
    </ClCompile>
    <ClCompile Include="$(MSBuildThisFileDirectory)Player.cpp">
      <Filter>BaseCrossSample\Sources</Filter>
    </ClCompile>
    <ClCompile Include="$(MSBuildThisFileDirectory)ProjectShader.cpp">
      <Filter>BaseCrossSample\Sources</Filter>
    </ClCompile>
    <ClCompile Include="$(MSBuildThisFileDirectory)Scene.cpp">
      <Filter>BaseCrossSample\Sources</Filter>
    </ClCompile>
    <ClCompile Include="$(MSBuildThisFileDirectory)WinMain.cpp">
      <Filter>BaseCrossSample\Sources</Filter>
    </ClCompile>
    <ClCompile Include="$(MSBuildThisFileDirectory)ProjectBehavior.cpp">
      <Filter>BaseCrossSample\Sources</Filter>
    </ClCompile>
    <ClCompile Include="$(MSBuildThisFileDirectory)InputHelper.cpp">
      <Filter>Patch\Input\InputHelper</Filter>
    </ClCompile>
    <ClCompile Include="$(MSBuildThisFileDirectory)ActionTimer.cpp">
      <Filter>Patch\Utility\ActionTimer</Filter>
    </ClCompile>
    <ClCompile Include="$(MSBuildThisFileDirectory)BezierTransitioner.cpp">
      <Filter>Patch\basecross\BezierTransitioner</Filter>
    </ClCompile>
    <ClCompile Include="$(MSBuildThisFileDirectory)CameraHelper.cpp">
      <Filter>Patch\basecross\CameraHelper</Filter>
    </ClCompile>
    <ClCompile Include="$(MSBuildThisFileDirectory)FontHelper.cpp">
      <Filter>Patch\basecross\FontHelper</Filter>
    </ClCompile>
    <ClCompile Include="$(MSBuildThisFileDirectory)MessageWindow.cpp">
      <Filter>Patch\basecross\MessageWindow</Filter>
    </ClCompile>
    <ClCompile Include="$(MSBuildThisFileDirectory)UIHelper.cpp">
      <Filter>Patch\basecross\UIHelper</Filter>
    </ClCompile>
    <ClCompile Include="$(MSBuildThisFileDirectory)SoundHelper.cpp">
      <Filter>Patch\basecross\SoundHelper</Filter>
    </ClCompile>
    <ClCompile Include="$(MSBuildThisFileDirectory)Bezier.cpp">
      <Filter>Patch\Mathf\Bezier</Filter>
    </ClCompile>
    <ClCompile Include="$(MSBuildThisFileDirectory)BasecrossInputer.cpp">
      <Filter>Patch\Input\BasecrossInputer</Filter>
    </ClCompile>
    <ClCompile Include="$(MSBuildThisFileDirectory)MathHelper.cpp">
      <Filter>Patch\Mathf\MyMath</Filter>
    </ClCompile>
    <ClCompile Include="$(MSBuildThisFileDirectory)Random.cpp">
      <Filter>Patch\Mathf\Random</Filter>
    </ClCompile>
    <ClCompile Include="$(MSBuildThisFileDirectory)GameSaveManager.cpp">
      <Filter>Patch\basecross\GameSaveManager</Filter>
    </ClCompile>
    <ClCompile Include="$(MSBuildThisFileDirectory)Maruyama\Utility\MaruUtility.cpp">
      <Filter>Maruyama\Utility</Filter>
    </ClCompile>
    <ClCompile Include="$(MSBuildThisFileDirectory)Maruyama\Utility\MaruAction.cpp">
      <Filter>Maruyama\Utility\MaruAction</Filter>
    </ClCompile>
    <ClCompile Include="$(MSBuildThisFileDirectory)Maruyama\Utility\MaruHitHelper.cpp">
      <Filter>Maruyama\Utility\MaruHitHelper</Filter>
    </ClCompile>
    <ClCompile Include="$(MSBuildThisFileDirectory)Maruyama\Utility\MaruRandom.cpp">
      <Filter>Maruyama\Utility\MaruRandom</Filter>
    </ClCompile>
    <ClCompile Include="$(MSBuildThisFileDirectory)Maruyama\Utility\Mathf.cpp">
      <Filter>Maruyama\Utility\Mathf</Filter>
    </ClCompile>
    <ClCompile Include="$(MSBuildThisFileDirectory)Maruyama\Utility\ObserveIsInEyeTarget.cpp">
      <Filter>Maruyama\Utility\ObserveIsInEyeTarget</Filter>
    </ClCompile>
    <ClCompile Include="$(MSBuildThisFileDirectory)Maruyama\Utility\ReactiveProperty.cpp">
      <Filter>Maruyama\Utility\ReactivePropety</Filter>
    </ClCompile>
    <ClCompile Include="$(MSBuildThisFileDirectory)Maruyama\Utility\ReactiveBool.cpp">
      <Filter>Maruyama\Utility\ReactiveBool</Filter>
    </ClCompile>
    <ClCompile Include="$(MSBuildThisFileDirectory)Maruyama\Utility\UtilityObstacle.cpp">
      <Filter>Maruyama\Utility\UtilityObstacle</Filter>
    </ClCompile>
    <ClCompile Include="$(MSBuildThisFileDirectory)Maruyama\Utility\UtilityVelocity.cpp">
      <Filter>Maruyama\Utility\UtilityVelocity</Filter>
    </ClCompile>
    <ClCompile Include="$(MSBuildThisFileDirectory)Maruyama\DebugClass\Debug_DrawController.cpp">
      <Filter>Maruyama\DebugClass</Filter>
    </ClCompile>
    <ClCompile Include="$(MSBuildThisFileDirectory)Maruyama\DebugClass\Object\ArrowObject.cpp">
      <Filter>Maruyama\DebugClass\Object\ArrowObject</Filter>
    </ClCompile>
    <ClCompile Include="$(MSBuildThisFileDirectory)Maruyama\DebugClass\Object\DebugObject.cpp">
      <Filter>Maruyama\DebugClass\Object\DebugObject</Filter>
    </ClCompile>
    <ClCompile Include="$(MSBuildThisFileDirectory)Maruyama\UI\BuilderVertexPCT.cpp">
      <Filter>Maruyama\UI</Filter>
    </ClCompile>
    <ClCompile Include="$(MSBuildThisFileDirectory)Maruyama\Patch\CommonStructs\RectData.cpp">
      <Filter>Maruyama\Patch\CommonStruct</Filter>
    </ClCompile>
    <ClCompile Include="$(MSBuildThisFileDirectory)Maruyama\DebugClass\Component\DebugNumber.cpp">
      <Filter>Maruyama\DebugClass\Component\DebugNumber</Filter>
    </ClCompile>
    <ClCompile Include="$(MSBuildThisFileDirectory)Maruyama\DebugClass\Component\RectDraw.cpp">
      <Filter>Maruyama\DebugClass\Component\RectDraw</Filter>
    </ClCompile>
    <ClCompile Include="$(MSBuildThisFileDirectory)Watanabe\DebugClass\Debug.cpp">
      <Filter>Watanabe\DebugClass</Filter>
    </ClCompile>
    <ClCompile Include="$(MSBuildThisFileDirectory)Maruyama\Enemy\Component\EyeSearchRange.cpp">
      <Filter>Maruyama\Enemy\Component\Common\Eye</Filter>
    </ClCompile>
    <ClCompile Include="$(MSBuildThisFileDirectory)Maruyama\StateMachine\StateMachine.cpp">
      <Filter>Maruyama\StateMachine</Filter>
    </ClCompile>
    <ClCompile Include="$(MSBuildThisFileDirectory)Maruyama\StateMachine\Edge_StateMachine.cpp">
      <Filter>Maruyama\StateMachine\StateMachineEdge</Filter>
    </ClCompile>
    <ClCompile Include="$(MSBuildThisFileDirectory)Maruyama\StateMachine\EdgeBase.cpp">
      <Filter>Maruyama\StateMachine\EdgeBase</Filter>
    </ClCompile>
    <ClCompile Include="$(MSBuildThisFileDirectory)Maruyama\StateMachine\GraphBase_Ex.cpp">
      <Filter>Maruyama\StateMachine\GraphBase_Ex</Filter>
    </ClCompile>
    <ClCompile Include="$(MSBuildThisFileDirectory)Maruyama\StateMachine\Node_StateMachine.cpp">
      <Filter>Maruyama\StateMachine\StateMachineNode</Filter>
    </ClCompile>
    <ClCompile Include="$(MSBuildThisFileDirectory)Maruyama\StateMachine\NodeBase.cpp">
      <Filter>Maruyama\StateMachine\NodeBase</Filter>
    </ClCompile>
    <ClCompile Include="$(MSBuildThisFileDirectory)Maruyama\Enemy\Behavior\BehaviorTree.cpp">
      <Filter>Maruyama\BehaviorTree</Filter>
    </ClCompile>
    <ClCompile Include="$(MSBuildThisFileDirectory)Maruyama\Enemy\Behavior\Interface\I_Decorator.cpp">
      <Filter>Maruyama\BehaviorTree\Interface</Filter>
    </ClCompile>
    <ClCompile Include="$(MSBuildThisFileDirectory)Maruyama\Enemy\Behavior\Interface\I_Edge.cpp">
      <Filter>Maruyama\BehaviorTree\Interface</Filter>
    </ClCompile>
    <ClCompile Include="$(MSBuildThisFileDirectory)Maruyama\Enemy\Behavior\Interface\I_Node.cpp">
      <Filter>Maruyama\BehaviorTree\Interface</Filter>
    </ClCompile>
    <ClCompile Include="$(MSBuildThisFileDirectory)Maruyama\Enemy\Behavior\Interface\I_PriorityController.cpp">
      <Filter>Maruyama\BehaviorTree\Interface</Filter>
    </ClCompile>
    <ClCompile Include="$(MSBuildThisFileDirectory)Maruyama\Enemy\Behavior\Interface\I_Selecter.cpp">
      <Filter>Maruyama\BehaviorTree\Interface</Filter>
    </ClCompile>
    <ClCompile Include="$(MSBuildThisFileDirectory)Maruyama\Enemy\Behavior\Interface\I_Task.cpp">
      <Filter>Maruyama\BehaviorTree\Interface</Filter>
    </ClCompile>
    <ClCompile Include="$(MSBuildThisFileDirectory)Maruyama\Enemy\Behavior\SubBehaviorTree\SubBehaviorTreeBase.cpp">
      <Filter>Maruyama\BehaviorTree\SubBehavior</Filter>
    </ClCompile>
    <ClCompile Include="$(MSBuildThisFileDirectory)Maruyama\Enemy\Component\BehaviorTree\BehaviorTreeComponentBase.cpp">
      <Filter>Maruyama\Enemy\Component\Behavior</Filter>
    </ClCompile>
    <ClCompile Include="$(MSBuildThisFileDirectory)Maruyama\StateMachine\StatorBase.cpp">
      <Filter>Maruyama\StateMachine\StatorBase</Filter>
    </ClCompile>
    <ClCompile Include="$(MSBuildThisFileDirectory)Maruyama\Enemy\ImpactMap\DebugClass\DebugCell.cpp">
      <Filter>Maruyama\InfluenceMap\DebugClass</Filter>
    </ClCompile>
    <ClCompile Include="$(MSBuildThisFileDirectory)Maruyama\Enemy\ImpactMap\Cell.cpp">
      <Filter>Maruyama\InfluenceMap\Cell</Filter>
    </ClCompile>
    <ClCompile Include="$(MSBuildThisFileDirectory)Maruyama\Enemy\ImpactMap\CellMap.cpp">
      <Filter>Maruyama\InfluenceMap\Cell\CellMap</Filter>
    </ClCompile>
    <ClCompile Include="$(MSBuildThisFileDirectory)Maruyama\Enemy\ImpactMap\Factory_CellMap.cpp">
      <Filter>Maruyama\InfluenceMap\Cell\Factory</Filter>
    </ClCompile>
    <ClCompile Include="$(MSBuildThisFileDirectory)Maruyama\Enemy\ImpactMap\Factory_WayPointMap_FloodFill.cpp">
      <Filter>Maruyama\InfluenceMap\WayPointMap</Filter>
    </ClCompile>
    <ClCompile Include="$(MSBuildThisFileDirectory)Maruyama\Enemy\ImpactMap\FieldCellMap.cpp">
      <Filter>Maruyama\InfluenceMap\Cell\FieldCellMap</Filter>
    </ClCompile>
    <ClCompile Include="$(MSBuildThisFileDirectory)Maruyama\Enemy\Astar\AstarNode.cpp">
      <Filter>Maruyama\InfluenceMap\Astar\AstarNode</Filter>
    </ClCompile>
    <ClCompile Include="$(MSBuildThisFileDirectory)Maruyama\Enemy\Astar\AstarEdge_Ex.cpp">
      <Filter>Maruyama\InfluenceMap\Astar\AstarEdge</Filter>
    </ClCompile>
    <ClCompile Include="$(MSBuildThisFileDirectory)Maruyama\Patch\Graphs\SparseGraph_Ex.cpp">
      <Filter>Maruyama\Patch\Graph</Filter>
    </ClCompile>
    <ClCompile Include="$(MSBuildThisFileDirectory)Maruyama\Enemy\AIDirector\TupleSpace.cpp">
      <Filter>Maruyama\Enemy\TupleSpace</Filter>
    </ClCompile>
    <ClCompile Include="$(MSBuildThisFileDirectory)Maruyama\Camera\SeekTPS.cpp">
      <Filter>Maruyama\Camera\SeekTPS</Filter>
    </ClCompile>
    <ClCompile Include="$(MSBuildThisFileDirectory)Maruyama\Enemy\Component\Stator\AIStateMachine.cpp">
      <Filter>Maruyama\Enemy\Component\StateMachine</Filter>
    </ClCompile>
    <ClCompile Include="$(MSBuildThisFileDirectory)Maruyama\Enemy\EnemyBase.cpp">
      <Filter>Maruyama\Enemy</Filter>
    </ClCompile>
  </ItemGroup>
</Project>